
Microsoft Visual Studio Solution File, Format Version 12.00
# Visual Studio 14
VisualStudioVersion = 14.0.25420.1
MinimumVisualStudioVersion = 10.0.40219.1
Project("{FAE04EC0-301F-11D3-BF4B-00C04F79EFBC}") = "LabEtt", "LabEtt\LabEtt.csproj", "{7414AFDF-27CB-4719-B0E6-0CCC6A70B6E9}"
EndProject
Project("{2150E333-8FDC-42A3-9474-1A3956D46DE8}") = "UtanAjax", "UtanAjax", "{8B73D3B1-B3A1-444F-8A5F-C13100B14C11}"
EndProject
Project("{2150E333-8FDC-42A3-9474-1A3956D46DE8}") = "MedAjax", "MedAjax", "{EC4092FC-84A3-414E-BC20-90DE004E14A8}"
EndProject
Project("{FAE04EC0-301F-11D3-BF4B-00C04F79EFBC}") = "GModel", "GModel\GModel.csproj", "{4E60ECF2-ED19-46E2-A7AE-6ACCEDB281A4}"
EndProject
Project("{FAE04EC0-301F-11D3-BF4B-00C04F79EFBC}") = "LabEttMedAjax", "LabEttMedAjax\LabEttMedAjax.csproj", "{2D4A66DD-FB4D-40F3-9288-AA538D93EC7A}"
EndProject
Project("{2150E333-8FDC-42A3-9474-1A3956D46DE8}") = "AdressbokProject", "AdressbokProject", "{5922A880-E56B-4609-B1F8-86A0696D31BB}"
EndProject
Project("{FAE04EC0-301F-11D3-BF4B-00C04F79EFBC}") = "ABModel", "ABModel\ABModel.csproj", "{FD23C7FF-FB9B-418A-BD6F-1FA428C83AB7}"
EndProject
Project("{2150E333-8FDC-42A3-9474-1A3956D46DE8}") = "GalleryDB", "GalleryDB", "{C6972724-9F94-479F-A5BE-556E52FE65DD}"
EndProject
Project("{FAE04EC0-301F-11D3-BF4B-00C04F79EFBC}") = "BildGallery", "BildGallery\BildGallery.csproj", "{1EA30CA5-9027-4235-B989-4E0671EC7E6A}"
EndProject
Project("{FAE04EC0-301F-11D3-BF4B-00C04F79EFBC}") = "Adressbok", "Adressbok\Adressbok.csproj", "{04DCAD3E-5C8C-4DFB-A8AE-E3E23A7CB5FE}"
EndProject
Global
	GlobalSection(SolutionConfigurationPlatforms) = preSolution
		Debug|Any CPU = Debug|Any CPU
		Release|Any CPU = Release|Any CPU
	EndGlobalSection
	GlobalSection(ProjectConfigurationPlatforms) = postSolution
		{7414AFDF-27CB-4719-B0E6-0CCC6A70B6E9}.Debug|Any CPU.ActiveCfg = Debug|Any CPU
		{7414AFDF-27CB-4719-B0E6-0CCC6A70B6E9}.Debug|Any CPU.Build.0 = Debug|Any CPU
		{7414AFDF-27CB-4719-B0E6-0CCC6A70B6E9}.Release|Any CPU.ActiveCfg = Release|Any CPU
		{7414AFDF-27CB-4719-B0E6-0CCC6A70B6E9}.Release|Any CPU.Build.0 = Release|Any CPU
		{4E60ECF2-ED19-46E2-A7AE-6ACCEDB281A4}.Debug|Any CPU.ActiveCfg = Debug|Any CPU
		{4E60ECF2-ED19-46E2-A7AE-6ACCEDB281A4}.Debug|Any CPU.Build.0 = Debug|Any CPU
		{4E60ECF2-ED19-46E2-A7AE-6ACCEDB281A4}.Release|Any CPU.ActiveCfg = Release|Any CPU
		{4E60ECF2-ED19-46E2-A7AE-6ACCEDB281A4}.Release|Any CPU.Build.0 = Release|Any CPU
		{2D4A66DD-FB4D-40F3-9288-AA538D93EC7A}.Debug|Any CPU.ActiveCfg = Debug|Any CPU
		{2D4A66DD-FB4D-40F3-9288-AA538D93EC7A}.Debug|Any CPU.Build.0 = Debug|Any CPU
		{2D4A66DD-FB4D-40F3-9288-AA538D93EC7A}.Release|Any CPU.ActiveCfg = Release|Any CPU
		{2D4A66DD-FB4D-40F3-9288-AA538D93EC7A}.Release|Any CPU.Build.0 = Release|Any CPU
		{FD23C7FF-FB9B-418A-BD6F-1FA428C83AB7}.Debug|Any CPU.ActiveCfg = Debug|Any CPU
		{FD23C7FF-FB9B-418A-BD6F-1FA428C83AB7}.Debug|Any CPU.Build.0 = Debug|Any CPU
		{FD23C7FF-FB9B-418A-BD6F-1FA428C83AB7}.Release|Any CPU.ActiveCfg = Release|Any CPU
		{FD23C7FF-FB9B-418A-BD6F-1FA428C83AB7}.Release|Any CPU.Build.0 = Release|Any CPU
		{1EA30CA5-9027-4235-B989-4E0671EC7E6A}.Debug|Any CPU.ActiveCfg = Debug|Any CPU
		{1EA30CA5-9027-4235-B989-4E0671EC7E6A}.Debug|Any CPU.Build.0 = Debug|Any CPU
		{1EA30CA5-9027-4235-B989-4E0671EC7E6A}.Release|Any CPU.ActiveCfg = Release|Any CPU
		{1EA30CA5-9027-4235-B989-4E0671EC7E6A}.Release|Any CPU.Build.0 = Release|Any CPU
		{04DCAD3E-5C8C-4DFB-A8AE-E3E23A7CB5FE}.Debug|Any CPU.ActiveCfg = Debug|Any CPU
		{04DCAD3E-5C8C-4DFB-A8AE-E3E23A7CB5FE}.Debug|Any CPU.Build.0 = Debug|Any CPU
		{04DCAD3E-5C8C-4DFB-A8AE-E3E23A7CB5FE}.Release|Any CPU.ActiveCfg = Release|Any CPU
		{04DCAD3E-5C8C-4DFB-A8AE-E3E23A7CB5FE}.Release|Any CPU.Build.0 = Release|Any CPU
	EndGlobalSection
	GlobalSection(SolutionProperties) = preSolution
		HideSolutionNode = FALSE
	EndGlobalSection
	GlobalSection(NestedProjects) = preSolution
		{7414AFDF-27CB-4719-B0E6-0CCC6A70B6E9} = {8B73D3B1-B3A1-444F-8A5F-C13100B14C11}
		{2D4A66DD-FB4D-40F3-9288-AA538D93EC7A} = {EC4092FC-84A3-414E-BC20-90DE004E14A8}
		{FD23C7FF-FB9B-418A-BD6F-1FA428C83AB7} = {5922A880-E56B-4609-B1F8-86A0696D31BB}
		{1EA30CA5-9027-4235-B989-4E0671EC7E6A} = {C6972724-9F94-479F-A5BE-556E52FE65DD}
		{04DCAD3E-5C8C-4DFB-A8AE-E3E23A7CB5FE} = {5922A880-E56B-4609-B1F8-86A0696D31BB}
	EndGlobalSection
EndGlobal
